// !$*UTF8*$!
{
	archiveVersion = 1;
	classes = {
	};
	objectVersion = 46;
	objects = {

/* Begin PBXBuildFile section */
		23B0C2980E64BBD34908CBDF /* Pods_mnemosyneUITests.framework in Frameworks */ = {isa = PBXBuildFile; fileRef = 3AE4FF772DFCAFCC6F5F0996 /* Pods_mnemosyneUITests.framework */; };
		3EFB4244E7B47E94637A7F39 /* Pods_mnemosyneTests.framework in Frameworks */ = {isa = PBXBuildFile; fileRef = 9C1E117FE6466471252C18CD /* Pods_mnemosyneTests.framework */; };
		885D2F087D1FE8B486009627 /* Pods_mnemosyne.framework in Frameworks */ = {isa = PBXBuildFile; fileRef = 29D687A1548F79A65DF45E2D /* Pods_mnemosyne.framework */; };
		F92214DB1ED6CCA0001178F2 /* AppDelegate.swift in Sources */ = {isa = PBXBuildFile; fileRef = F92214DA1ED6CCA0001178F2 /* AppDelegate.swift */; };
		F92214DD1ED6CCA0001178F2 /* ViewController.swift in Sources */ = {isa = PBXBuildFile; fileRef = F92214DC1ED6CCA0001178F2 /* ViewController.swift */; };
		F92214E01ED6CCA0001178F2 /* Main.storyboard in Resources */ = {isa = PBXBuildFile; fileRef = F92214DE1ED6CCA0001178F2 /* Main.storyboard */; };
		F92214E21ED6CCA0001178F2 /* Assets.xcassets in Resources */ = {isa = PBXBuildFile; fileRef = F92214E11ED6CCA0001178F2 /* Assets.xcassets */; };
		F92214E51ED6CCA0001178F2 /* LaunchScreen.storyboard in Resources */ = {isa = PBXBuildFile; fileRef = F92214E31ED6CCA0001178F2 /* LaunchScreen.storyboard */; };
		F92214F01ED6CCA0001178F2 /* mnemosyneTests.swift in Sources */ = {isa = PBXBuildFile; fileRef = F92214EF1ED6CCA0001178F2 /* mnemosyneTests.swift */; };
		F92214FB1ED6CCA0001178F2 /* mnemosyneUITests.swift in Sources */ = {isa = PBXBuildFile; fileRef = F92214FA1ED6CCA0001178F2 /* mnemosyneUITests.swift */; };
		F931E8C81EEE43740054ADD7 /* ClipRecordViewController.swift in Sources */ = {isa = PBXBuildFile; fileRef = F931E8C71EEE43740054ADD7 /* ClipRecordViewController.swift */; };
		F94422DF1EDBF55700155A18 /* AuthorizationKit.framework in Frameworks */ = {isa = PBXBuildFile; fileRef = F94422DE1EDBF55700155A18 /* AuthorizationKit.framework */; };
		F94422E11EDBF56200155A18 /* AuthorizationKit.framework in Embed Frameworks */ = {isa = PBXBuildFile; fileRef = F94422DE1EDBF55700155A18 /* AuthorizationKit.framework */; settings = {ATTRIBUTES = (CodeSignOnCopy, RemoveHeadersOnCopy, ); }; };
		F94423721EDBFD1C00155A18 /* FileManagerShortcutKit.framework in Frameworks */ = {isa = PBXBuildFile; fileRef = F94423711EDBFD1C00155A18 /* FileManagerShortcutKit.framework */; };
		F94423741EDBFD2700155A18 /* FileManagerShortcutKit.framework in Embed Frameworks */ = {isa = PBXBuildFile; fileRef = F94423711EDBFD1C00155A18 /* FileManagerShortcutKit.framework */; settings = {ATTRIBUTES = (CodeSignOnCopy, RemoveHeadersOnCopy, ); }; };
		F94423871EE0073500155A18 /* Modelable.swift in Sources */ = {isa = PBXBuildFile; fileRef = F94423861EE0073500155A18 /* Modelable.swift */; };
		F946BE321EE92DDA00A096D3 /* BaseViewController.swift in Sources */ = {isa = PBXBuildFile; fileRef = F946BE311EE92DDA00A096D3 /* BaseViewController.swift */; };
		F946BE371EE9387300A096D3 /* InfoPlist.strings in Resources */ = {isa = PBXBuildFile; fileRef = F946BE391EE9387300A096D3 /* InfoPlist.strings */; };
		F946BE3D1EE9906000A096D3 /* Localizable.strings in Resources */ = {isa = PBXBuildFile; fileRef = F946BE3F1EE9906000A096D3 /* Localizable.strings */; };
		F950F2201EED729F00E64D25 /* TinySystemUtils.framework in Embed Frameworks */ = {isa = PBXBuildFile; fileRef = F950F21E1EED726D00E64D25 /* TinySystemUtils.framework */; settings = {ATTRIBUTES = (CodeSignOnCopy, RemoveHeadersOnCopy, ); }; };
		F950F2211EED743700E64D25 /* TinySystemUtils.framework in Frameworks */ = {isa = PBXBuildFile; fileRef = F950F21E1EED726D00E64D25 /* TinySystemUtils.framework */; };
		F9885EA81EEA81D60078DAF2 /* testImage.jpg in Resources */ = {isa = PBXBuildFile; fileRef = F9885EA71EEA81D60078DAF2 /* testImage.jpg */; };
		F9885EAA1EEA84980078DAF2 /* MnemosyneViewable.swift in Sources */ = {isa = PBXBuildFile; fileRef = F9885EA91EEA84980078DAF2 /* MnemosyneViewable.swift */; };
		F9885EAC1EEA8DD50078DAF2 /* AssetViewController.swift in Sources */ = {isa = PBXBuildFile; fileRef = F9885EAB1EEA8DD50078DAF2 /* AssetViewController.swift */; };
		F9885EAE1EEAA1EB0078DAF2 /* ClipCollectionViewCell.swift in Sources */ = {isa = PBXBuildFile; fileRef = F9885EAD1EEAA1EB0078DAF2 /* ClipCollectionViewCell.swift */; };
		F9885EB01EEAA20A0078DAF2 /* SoundCollectionViewCell.swift in Sources */ = {isa = PBXBuildFile; fileRef = F9885EAF1EEAA20A0078DAF2 /* SoundCollectionViewCell.swift */; };
		F9885EB21EEAA21C0078DAF2 /* PicCollectionViewCell.swift in Sources */ = {isa = PBXBuildFile; fileRef = F9885EB11EEAA21C0078DAF2 /* PicCollectionViewCell.swift */; };
		F9B4A8411EEA5DFD0033783A /* AssetPreviewCell.swift in Sources */ = {isa = PBXBuildFile; fileRef = F9B4A8401EEA5DFD0033783A /* AssetPreviewCell.swift */; };
		F9BB3B141EE7FB3900770A01 /* ClipViewController.swift in Sources */ = {isa = PBXBuildFile; fileRef = F9BB3B131EE7FB3900770A01 /* ClipViewController.swift */; };
		F9BB3B161EE7FB5300770A01 /* SoundViewController.swift in Sources */ = {isa = PBXBuildFile; fileRef = F9BB3B151EE7FB5300770A01 /* SoundViewController.swift */; };
		F9BB3B181EE7FB5D00770A01 /* PicViewController.swift in Sources */ = {isa = PBXBuildFile; fileRef = F9BB3B171EE7FB5D00770A01 /* PicViewController.swift */; };
		F9BB3B1A1EE7FB6400770A01 /* SettingViewController.swift in Sources */ = {isa = PBXBuildFile; fileRef = F9BB3B191EE7FB6400770A01 /* SettingViewController.swift */; };
		F9BB3B1C1EE7FCD400770A01 /* Tabbarable.swift in Sources */ = {isa = PBXBuildFile; fileRef = F9BB3B1B1EE7FCD400770A01 /* Tabbarable.swift */; };
		F9C45C4F1EEA3E3E00EFA6B3 /* Listable.swift in Sources */ = {isa = PBXBuildFile; fileRef = F9C45C4E1EEA3E3E00EFA6B3 /* Listable.swift */; };
		F9C45C541EEA407E00EFA6B3 /* UIContants.swift in Sources */ = {isa = PBXBuildFile; fileRef = F9C45C531EEA407E00EFA6B3 /* UIContants.swift */; };
/* End PBXBuildFile section */

/* Begin PBXContainerItemProxy section */
		F92214EC1ED6CCA0001178F2 /* PBXContainerItemProxy */ = {
			isa = PBXContainerItemProxy;
			containerPortal = F92214CF1ED6CCA0001178F2 /* Project object */;
			proxyType = 1;
			remoteGlobalIDString = F92214D61ED6CCA0001178F2;
			remoteInfo = mnemosyne;
		};
		F92214F71ED6CCA0001178F2 /* PBXContainerItemProxy */ = {
			isa = PBXContainerItemProxy;
			containerPortal = F92214CF1ED6CCA0001178F2 /* Project object */;
			proxyType = 1;
			remoteGlobalIDString = F92214D61ED6CCA0001178F2;
			remoteInfo = mnemosyne;
		};
/* End PBXContainerItemProxy section */

/* Begin PBXCopyFilesBuildPhase section */
		F94422E21EDBF56300155A18 /* Embed Frameworks */ = {
			isa = PBXCopyFilesBuildPhase;
			buildActionMask = 2147483647;
			dstPath = "";
			dstSubfolderSpec = 10;
			files = (
				F94423741EDBFD2700155A18 /* FileManagerShortcutKit.framework in Embed Frameworks */,
				F94422E11EDBF56200155A18 /* AuthorizationKit.framework in Embed Frameworks */,
				F950F2201EED729F00E64D25 /* TinySystemUtils.framework in Embed Frameworks */,
			);
			name = "Embed Frameworks";
			runOnlyForDeploymentPostprocessing = 0;
		};
/* End PBXCopyFilesBuildPhase section */

/* Begin PBXFileReference section */
		09BA4D6E313EF144128783B9 /* Pods-mnemosyneTests.release.xcconfig */ = {isa = PBXFileReference; includeInIndex = 1; lastKnownFileType = text.xcconfig; name = "Pods-mnemosyneTests.release.xcconfig"; path = "Pods/Target Support Files/Pods-mnemosyneTests/Pods-mnemosyneTests.release.xcconfig"; sourceTree = "<group>"; };
		29D687A1548F79A65DF45E2D /* Pods_mnemosyne.framework */ = {isa = PBXFileReference; explicitFileType = wrapper.framework; includeInIndex = 0; path = Pods_mnemosyne.framework; sourceTree = BUILT_PRODUCTS_DIR; };
		3AE4FF772DFCAFCC6F5F0996 /* Pods_mnemosyneUITests.framework */ = {isa = PBXFileReference; explicitFileType = wrapper.framework; includeInIndex = 0; path = Pods_mnemosyneUITests.framework; sourceTree = BUILT_PRODUCTS_DIR; };
		4397F7A0BCEE15E23991BFB6 /* Pods-mnemosyne.release.xcconfig */ = {isa = PBXFileReference; includeInIndex = 1; lastKnownFileType = text.xcconfig; name = "Pods-mnemosyne.release.xcconfig"; path = "Pods/Target Support Files/Pods-mnemosyne/Pods-mnemosyne.release.xcconfig"; sourceTree = "<group>"; };
		7F7C247382536E7543E2E435 /* Pods-mnemosyneTests.debug.xcconfig */ = {isa = PBXFileReference; includeInIndex = 1; lastKnownFileType = text.xcconfig; name = "Pods-mnemosyneTests.debug.xcconfig"; path = "Pods/Target Support Files/Pods-mnemosyneTests/Pods-mnemosyneTests.debug.xcconfig"; sourceTree = "<group>"; };
		8B8D9F80646B1D254912A6A6 /* Pods-mnemosyne.debug.xcconfig */ = {isa = PBXFileReference; includeInIndex = 1; lastKnownFileType = text.xcconfig; name = "Pods-mnemosyne.debug.xcconfig"; path = "Pods/Target Support Files/Pods-mnemosyne/Pods-mnemosyne.debug.xcconfig"; sourceTree = "<group>"; };
		9C1E117FE6466471252C18CD /* Pods_mnemosyneTests.framework */ = {isa = PBXFileReference; explicitFileType = wrapper.framework; includeInIndex = 0; path = Pods_mnemosyneTests.framework; sourceTree = BUILT_PRODUCTS_DIR; };
		B551611A2A0E3CBCE8F02BBC /* Pods-mnemosyneUITests.release.xcconfig */ = {isa = PBXFileReference; includeInIndex = 1; lastKnownFileType = text.xcconfig; name = "Pods-mnemosyneUITests.release.xcconfig"; path = "Pods/Target Support Files/Pods-mnemosyneUITests/Pods-mnemosyneUITests.release.xcconfig"; sourceTree = "<group>"; };
		BD8696DD06466022C6DC3699 /* Pods-mnemosyneUITests.debug.xcconfig */ = {isa = PBXFileReference; includeInIndex = 1; lastKnownFileType = text.xcconfig; name = "Pods-mnemosyneUITests.debug.xcconfig"; path = "Pods/Target Support Files/Pods-mnemosyneUITests/Pods-mnemosyneUITests.debug.xcconfig"; sourceTree = "<group>"; };
		F92214D71ED6CCA0001178F2 /* mnemosyne.app */ = {isa = PBXFileReference; explicitFileType = wrapper.application; includeInIndex = 0; path = mnemosyne.app; sourceTree = BUILT_PRODUCTS_DIR; };
		F92214DA1ED6CCA0001178F2 /* AppDelegate.swift */ = {isa = PBXFileReference; lastKnownFileType = sourcecode.swift; path = AppDelegate.swift; sourceTree = "<group>"; };
		F92214DC1ED6CCA0001178F2 /* ViewController.swift */ = {isa = PBXFileReference; lastKnownFileType = sourcecode.swift; path = ViewController.swift; sourceTree = "<group>"; };
		F92214DF1ED6CCA0001178F2 /* Base */ = {isa = PBXFileReference; lastKnownFileType = file.storyboard; name = Base; path = Base.lproj/Main.storyboard; sourceTree = "<group>"; };
		F92214E11ED6CCA0001178F2 /* Assets.xcassets */ = {isa = PBXFileReference; lastKnownFileType = folder.assetcatalog; path = Assets.xcassets; sourceTree = "<group>"; };
		F92214E41ED6CCA0001178F2 /* Base */ = {isa = PBXFileReference; lastKnownFileType = file.storyboard; name = Base; path = Base.lproj/LaunchScreen.storyboard; sourceTree = "<group>"; };
		F92214E61ED6CCA0001178F2 /* Info.plist */ = {isa = PBXFileReference; lastKnownFileType = text.plist.xml; path = Info.plist; sourceTree = "<group>"; };
		F92214EB1ED6CCA0001178F2 /* mnemosyneTests.xctest */ = {isa = PBXFileReference; explicitFileType = wrapper.cfbundle; includeInIndex = 0; path = mnemosyneTests.xctest; sourceTree = BUILT_PRODUCTS_DIR; };
		F92214EF1ED6CCA0001178F2 /* mnemosyneTests.swift */ = {isa = PBXFileReference; lastKnownFileType = sourcecode.swift; path = mnemosyneTests.swift; sourceTree = "<group>"; };
		F92214F11ED6CCA0001178F2 /* Info.plist */ = {isa = PBXFileReference; lastKnownFileType = text.plist.xml; path = Info.plist; sourceTree = "<group>"; };
		F92214F61ED6CCA0001178F2 /* mnemosyneUITests.xctest */ = {isa = PBXFileReference; explicitFileType = wrapper.cfbundle; includeInIndex = 0; path = mnemosyneUITests.xctest; sourceTree = BUILT_PRODUCTS_DIR; };
		F92214FA1ED6CCA0001178F2 /* mnemosyneUITests.swift */ = {isa = PBXFileReference; lastKnownFileType = sourcecode.swift; path = mnemosyneUITests.swift; sourceTree = "<group>"; };
		F92214FC1ED6CCA0001178F2 /* Info.plist */ = {isa = PBXFileReference; lastKnownFileType = text.plist.xml; path = Info.plist; sourceTree = "<group>"; };
		F931E8C71EEE43740054ADD7 /* ClipRecordViewController.swift */ = {isa = PBXFileReference; lastKnownFileType = sourcecode.swift; path = ClipRecordViewController.swift; sourceTree = "<group>"; };
		F94422DE1EDBF55700155A18 /* AuthorizationKit.framework */ = {isa = PBXFileReference; lastKnownFileType = wrapper.framework; path = AuthorizationKit.framework; sourceTree = "<group>"; };
		F94423711EDBFD1C00155A18 /* FileManagerShortcutKit.framework */ = {isa = PBXFileReference; lastKnownFileType = wrapper.framework; path = FileManagerShortcutKit.framework; sourceTree = "<group>"; };
		F94423861EE0073500155A18 /* Modelable.swift */ = {isa = PBXFileReference; fileEncoding = 4; lastKnownFileType = sourcecode.swift; path = Modelable.swift; sourceTree = "<group>"; };
		F946BE311EE92DDA00A096D3 /* BaseViewController.swift */ = {isa = PBXFileReference; lastKnownFileType = sourcecode.swift; path = BaseViewController.swift; sourceTree = "<group>"; };
		F946BE331EE9334200A096D3 /* zh-Hans */ = {isa = PBXFileReference; lastKnownFileType = text.plist.strings; name = "zh-Hans"; path = "zh-Hans.lproj/Main.strings"; sourceTree = "<group>"; };
		F946BE341EE9334200A096D3 /* zh-Hans */ = {isa = PBXFileReference; lastKnownFileType = text.plist.strings; name = "zh-Hans"; path = "zh-Hans.lproj/LaunchScreen.strings"; sourceTree = "<group>"; };
		F946BE381EE9387300A096D3 /* en */ = {isa = PBXFileReference; lastKnownFileType = text.plist.strings; name = en; path = en.lproj/InfoPlist.strings; sourceTree = "<group>"; };
		F946BE3A1EE9387B00A096D3 /* zh-Hans */ = {isa = PBXFileReference; lastKnownFileType = text.plist.strings; name = "zh-Hans"; path = "zh-Hans.lproj/InfoPlist.strings"; sourceTree = "<group>"; };
		F946BE3E1EE9906000A096D3 /* en */ = {isa = PBXFileReference; lastKnownFileType = text.plist.strings; name = en; path = en.lproj/Localizable.strings; sourceTree = "<group>"; };
		F946BE401EE9906200A096D3 /* zh-Hans */ = {isa = PBXFileReference; lastKnownFileType = text.plist.strings; name = "zh-Hans"; path = "zh-Hans.lproj/Localizable.strings"; sourceTree = "<group>"; };
		F950F21E1EED726D00E64D25 /* TinySystemUtils.framework */ = {isa = PBXFileReference; lastKnownFileType = wrapper.framework; path = TinySystemUtils.framework; sourceTree = "<group>"; };
		F9885EA71EEA81D60078DAF2 /* testImage.jpg */ = {isa = PBXFileReference; lastKnownFileType = image.jpeg; name = testImage.jpg; path = ../../../../Pictures/testImage.jpg; sourceTree = "<group>"; };
		F9885EA91EEA84980078DAF2 /* MnemosyneViewable.swift */ = {isa = PBXFileReference; lastKnownFileType = sourcecode.swift; path = MnemosyneViewable.swift; sourceTree = "<group>"; };
		F9885EAB1EEA8DD50078DAF2 /* AssetViewController.swift */ = {isa = PBXFileReference; lastKnownFileType = sourcecode.swift; path = AssetViewController.swift; sourceTree = "<group>"; };
		F9885EAD1EEAA1EB0078DAF2 /* ClipCollectionViewCell.swift */ = {isa = PBXFileReference; lastKnownFileType = sourcecode.swift; path = ClipCollectionViewCell.swift; sourceTree = "<group>"; };
		F9885EAF1EEAA20A0078DAF2 /* SoundCollectionViewCell.swift */ = {isa = PBXFileReference; lastKnownFileType = sourcecode.swift; path = SoundCollectionViewCell.swift; sourceTree = "<group>"; };
		F9885EB11EEAA21C0078DAF2 /* PicCollectionViewCell.swift */ = {isa = PBXFileReference; lastKnownFileType = sourcecode.swift; path = PicCollectionViewCell.swift; sourceTree = "<group>"; };
		F9B4A8401EEA5DFD0033783A /* AssetPreviewCell.swift */ = {isa = PBXFileReference; lastKnownFileType = sourcecode.swift; path = AssetPreviewCell.swift; sourceTree = "<group>"; };
		F9BB3B131EE7FB3900770A01 /* ClipViewController.swift */ = {isa = PBXFileReference; fileEncoding = 4; lastKnownFileType = sourcecode.swift; path = ClipViewController.swift; sourceTree = "<group>"; };
		F9BB3B151EE7FB5300770A01 /* SoundViewController.swift */ = {isa = PBXFileReference; fileEncoding = 4; lastKnownFileType = sourcecode.swift; path = SoundViewController.swift; sourceTree = "<group>"; };
		F9BB3B171EE7FB5D00770A01 /* PicViewController.swift */ = {isa = PBXFileReference; fileEncoding = 4; lastKnownFileType = sourcecode.swift; path = PicViewController.swift; sourceTree = "<group>"; };
		F9BB3B191EE7FB6400770A01 /* SettingViewController.swift */ = {isa = PBXFileReference; fileEncoding = 4; lastKnownFileType = sourcecode.swift; path = SettingViewController.swift; sourceTree = "<group>"; };
		F9BB3B1B1EE7FCD400770A01 /* Tabbarable.swift */ = {isa = PBXFileReference; fileEncoding = 4; lastKnownFileType = sourcecode.swift; path = Tabbarable.swift; sourceTree = "<group>"; };
		F9C45C4E1EEA3E3E00EFA6B3 /* Listable.swift */ = {isa = PBXFileReference; lastKnownFileType = sourcecode.swift; path = Listable.swift; sourceTree = "<group>"; };
		F9C45C531EEA407E00EFA6B3 /* UIContants.swift */ = {isa = PBXFileReference; lastKnownFileType = sourcecode.swift; path = UIContants.swift; sourceTree = "<group>"; };
/* End PBXFileReference section */

/* Begin PBXFrameworksBuildPhase section */
		F92214D41ED6CCA0001178F2 /* Frameworks */ = {
			isa = PBXFrameworksBuildPhase;
			buildActionMask = 2147483647;
			files = (
				F950F2211EED743700E64D25 /* TinySystemUtils.framework in Frameworks */,
				885D2F087D1FE8B486009627 /* Pods_mnemosyne.framework in Frameworks */,
				F94423721EDBFD1C00155A18 /* FileManagerShortcutKit.framework in Frameworks */,
				F94422DF1EDBF55700155A18 /* AuthorizationKit.framework in Frameworks */,
			);
			runOnlyForDeploymentPostprocessing = 0;
		};
		F92214E81ED6CCA0001178F2 /* Frameworks */ = {
			isa = PBXFrameworksBuildPhase;
			buildActionMask = 2147483647;
			files = (
				3EFB4244E7B47E94637A7F39 /* Pods_mnemosyneTests.framework in Frameworks */,
			);
			runOnlyForDeploymentPostprocessing = 0;
		};
		F92214F31ED6CCA0001178F2 /* Frameworks */ = {
			isa = PBXFrameworksBuildPhase;
			buildActionMask = 2147483647;
			files = (
				23B0C2980E64BBD34908CBDF /* Pods_mnemosyneUITests.framework in Frameworks */,
			);
			runOnlyForDeploymentPostprocessing = 0;
		};
/* End PBXFrameworksBuildPhase section */

/* Begin PBXGroup section */
		AB909449542D9869D3EB54D9 /* Frameworks */ = {
			isa = PBXGroup;
			children = (
				29D687A1548F79A65DF45E2D /* Pods_mnemosyne.framework */,
				9C1E117FE6466471252C18CD /* Pods_mnemosyneTests.framework */,
				3AE4FF772DFCAFCC6F5F0996 /* Pods_mnemosyneUITests.framework */,
			);
			name = Frameworks;
			sourceTree = "<group>";
		};
		C091FB5B2452DDDDB85E85C8 /* Pods */ = {
			isa = PBXGroup;
			children = (
				8B8D9F80646B1D254912A6A6 /* Pods-mnemosyne.debug.xcconfig */,
				4397F7A0BCEE15E23991BFB6 /* Pods-mnemosyne.release.xcconfig */,
				7F7C247382536E7543E2E435 /* Pods-mnemosyneTests.debug.xcconfig */,
				09BA4D6E313EF144128783B9 /* Pods-mnemosyneTests.release.xcconfig */,
				BD8696DD06466022C6DC3699 /* Pods-mnemosyneUITests.debug.xcconfig */,
				B551611A2A0E3CBCE8F02BBC /* Pods-mnemosyneUITests.release.xcconfig */,
			);
			name = Pods;
			sourceTree = "<group>";
		};
		F92214CE1ED6CCA0001178F2 = {
			isa = PBXGroup;
			children = (
				F9885EA61EEA81C40078DAF2 /* Test Assets */,
				F94422DD1EDBF54A00155A18 /* MyFrameworks */,
				F92214D91ED6CCA0001178F2 /* mnemosyne */,
				F92214EE1ED6CCA0001178F2 /* mnemosyneTests */,
				F92214F91ED6CCA0001178F2 /* mnemosyneUITests */,
				F92214D81ED6CCA0001178F2 /* Products */,
				C091FB5B2452DDDDB85E85C8 /* Pods */,
				AB909449542D9869D3EB54D9 /* Frameworks */,
			);
			sourceTree = "<group>";
		};
		F92214D81ED6CCA0001178F2 /* Products */ = {
			isa = PBXGroup;
			children = (
				F92214D71ED6CCA0001178F2 /* mnemosyne.app */,
				F92214EB1ED6CCA0001178F2 /* mnemosyneTests.xctest */,
				F92214F61ED6CCA0001178F2 /* mnemosyneUITests.xctest */,
			);
			name = Products;
			sourceTree = "<group>";
		};
		F92214D91ED6CCA0001178F2 /* mnemosyne */ = {
			isa = PBXGroup;
			children = (
				F9C45C501EEA3F9100EFA6B3 /* Constants */,
				F9BB3B121EE7FB1D00770A01 /* Index */,
				F931E8C61EEE43110054ADD7 /* Record */,
				F94423811EDFFF5000155A18 /* protocols */,
				F92214DA1ED6CCA0001178F2 /* AppDelegate.swift */,
				F92214DC1ED6CCA0001178F2 /* ViewController.swift */,
				F92214DE1ED6CCA0001178F2 /* Main.storyboard */,
				F92214E11ED6CCA0001178F2 /* Assets.xcassets */,
				F92214E31ED6CCA0001178F2 /* LaunchScreen.storyboard */,
				F92214E61ED6CCA0001178F2 /* Info.plist */,
				F946BE3F1EE9906000A096D3 /* Localizable.strings */,
				F946BE391EE9387300A096D3 /* InfoPlist.strings */,
			);
			path = mnemosyne;
			sourceTree = "<group>";
		};
		F92214EE1ED6CCA0001178F2 /* mnemosyneTests */ = {
			isa = PBXGroup;
			children = (
				F92214EF1ED6CCA0001178F2 /* mnemosyneTests.swift */,
				F92214F11ED6CCA0001178F2 /* Info.plist */,
			);
			path = mnemosyneTests;
			sourceTree = "<group>";
		};
		F92214F91ED6CCA0001178F2 /* mnemosyneUITests */ = {
			isa = PBXGroup;
			children = (
				F92214FA1ED6CCA0001178F2 /* mnemosyneUITests.swift */,
				F92214FC1ED6CCA0001178F2 /* Info.plist */,
			);
			path = mnemosyneUITests;
			sourceTree = "<group>";
		};
		F931E8C61EEE43110054ADD7 /* Record */ = {
			isa = PBXGroup;
			children = (
				F931E8C71EEE43740054ADD7 /* ClipRecordViewController.swift */,
			);
			path = Record;
			sourceTree = "<group>";
		};
		F94422DD1EDBF54A00155A18 /* MyFrameworks */ = {
			isa = PBXGroup;
			children = (
				F950F21E1EED726D00E64D25 /* TinySystemUtils.framework */,
				F94423711EDBFD1C00155A18 /* FileManagerShortcutKit.framework */,
				F94422DE1EDBF55700155A18 /* AuthorizationKit.framework */,
			);
			path = MyFrameworks;
			sourceTree = "<group>";
		};
		F94423811EDFFF5000155A18 /* protocols */ = {
			isa = PBXGroup;
			children = (
				F94423861EE0073500155A18 /* Modelable.swift */,
				F9885EA91EEA84980078DAF2 /* MnemosyneViewable.swift */,
				F9BB3B1B1EE7FCD400770A01 /* Tabbarable.swift */,
				F9C45C4E1EEA3E3E00EFA6B3 /* Listable.swift */,
			);
			path = protocols;
			sourceTree = "<group>";
		};
		F9885EA61EEA81C40078DAF2 /* Test Assets */ = {
			isa = PBXGroup;
			children = (
				F9885EA71EEA81D60078DAF2 /* testImage.jpg */,
			);
			path = "Test Assets";
			sourceTree = "<group>";
		};
		F9B4A83E1EEA4EB20033783A /* Controllers */ = {
			isa = PBXGroup;
			children = (
				F946BE311EE92DDA00A096D3 /* BaseViewController.swift */,
				F9885EAB1EEA8DD50078DAF2 /* AssetViewController.swift */,
				F9BB3B131EE7FB3900770A01 /* ClipViewController.swift */,
				F9BB3B151EE7FB5300770A01 /* SoundViewController.swift */,
				F9BB3B171EE7FB5D00770A01 /* PicViewController.swift */,
				F9BB3B191EE7FB6400770A01 /* SettingViewController.swift */,
			);
			path = Controllers;
			sourceTree = "<group>";
		};
		F9B4A83F1EEA5D340033783A /* Views */ = {
			isa = PBXGroup;
			children = (
				F9B4A8401EEA5DFD0033783A /* AssetPreviewCell.swift */,
				F9885EAD1EEAA1EB0078DAF2 /* ClipCollectionViewCell.swift */,
				F9885EAF1EEAA20A0078DAF2 /* SoundCollectionViewCell.swift */,
				F9885EB11EEAA21C0078DAF2 /* PicCollectionViewCell.swift */,
			);
			path = Views;
			sourceTree = "<group>";
		};
		F9BB3B121EE7FB1D00770A01 /* Index */ = {
			isa = PBXGroup;
			children = (
				F9B4A83E1EEA4EB20033783A /* Controllers */,
				F9B4A83F1EEA5D340033783A /* Views */,
			);
			path = Index;
			sourceTree = "<group>";
		};
		F9C45C501EEA3F9100EFA6B3 /* Constants */ = {
			isa = PBXGroup;
			children = (
				F9C45C531EEA407E00EFA6B3 /* UIContants.swift */,
			);
			path = Constants;
			sourceTree = "<group>";
		};
/* End PBXGroup section */

/* Begin PBXNativeTarget section */
		F92214D61ED6CCA0001178F2 /* mnemosyne */ = {
			isa = PBXNativeTarget;
			buildConfigurationList = F92214FF1ED6CCA0001178F2 /* Build configuration list for PBXNativeTarget "mnemosyne" */;
			buildPhases = (
				8D7C1A56A4A6030D0A959702 /* [CP] Check Pods Manifest.lock */,
				F92214D31ED6CCA0001178F2 /* Sources */,
				F92214D41ED6CCA0001178F2 /* Frameworks */,
				F92214D51ED6CCA0001178F2 /* Resources */,
				6D8787AD007C7F2DEC8410BD /* [CP] Embed Pods Frameworks */,
				843122CE3A82660C08736485 /* [CP] Copy Pods Resources */,
				F94422E21EDBF56300155A18 /* Embed Frameworks */,
			);
			buildRules = (
			);
			dependencies = (
			);
			name = mnemosyne;
			productName = mnemosyne;
			productReference = F92214D71ED6CCA0001178F2 /* mnemosyne.app */;
			productType = "com.apple.product-type.application";
		};
		F92214EA1ED6CCA0001178F2 /* mnemosyneTests */ = {
			isa = PBXNativeTarget;
			buildConfigurationList = F92215021ED6CCA0001178F2 /* Build configuration list for PBXNativeTarget "mnemosyneTests" */;
			buildPhases = (
				AAE947122B939613FCC711D1 /* [CP] Check Pods Manifest.lock */,
				F92214E71ED6CCA0001178F2 /* Sources */,
				F92214E81ED6CCA0001178F2 /* Frameworks */,
				F92214E91ED6CCA0001178F2 /* Resources */,
				79B2E8E3F374877585EA20C0 /* [CP] Embed Pods Frameworks */,
				B81D859ECD8D2E0DE8178C80 /* [CP] Copy Pods Resources */,
			);
			buildRules = (
			);
			dependencies = (
				F92214ED1ED6CCA0001178F2 /* PBXTargetDependency */,
			);
			name = mnemosyneTests;
			productName = mnemosyneTests;
			productReference = F92214EB1ED6CCA0001178F2 /* mnemosyneTests.xctest */;
			productType = "com.apple.product-type.bundle.unit-test";
		};
		F92214F51ED6CCA0001178F2 /* mnemosyneUITests */ = {
			isa = PBXNativeTarget;
			buildConfigurationList = F92215051ED6CCA0001178F2 /* Build configuration list for PBXNativeTarget "mnemosyneUITests" */;
			buildPhases = (
				D833489A068E5BDD4931BFF7 /* [CP] Check Pods Manifest.lock */,
				F92214F21ED6CCA0001178F2 /* Sources */,
				F92214F31ED6CCA0001178F2 /* Frameworks */,
				F92214F41ED6CCA0001178F2 /* Resources */,
				DF1A906D3757EE5DFFF359B4 /* [CP] Embed Pods Frameworks */,
				5118475F8750DBB5D806460F /* [CP] Copy Pods Resources */,
			);
			buildRules = (
			);
			dependencies = (
				F92214F81ED6CCA0001178F2 /* PBXTargetDependency */,
			);
			name = mnemosyneUITests;
			productName = mnemosyneUITests;
			productReference = F92214F61ED6CCA0001178F2 /* mnemosyneUITests.xctest */;
			productType = "com.apple.product-type.bundle.ui-testing";
		};
/* End PBXNativeTarget section */

/* Begin PBXProject section */
		F92214CF1ED6CCA0001178F2 /* Project object */ = {
			isa = PBXProject;
			attributes = {
				LastSwiftUpdateCheck = 0830;
				LastUpgradeCheck = 0830;
				ORGANIZATIONNAME = wenyongyang;
				TargetAttributes = {
					F92214D61ED6CCA0001178F2 = {
						CreatedOnToolsVersion = 8.3.2;
						DevelopmentTeam = GRB82L9A3D;
						ProvisioningStyle = Automatic;
					};
					F92214EA1ED6CCA0001178F2 = {
						CreatedOnToolsVersion = 8.3.2;
						DevelopmentTeam = GRB82L9A3D;
						ProvisioningStyle = Automatic;
						TestTargetID = F92214D61ED6CCA0001178F2;
					};
					F92214F51ED6CCA0001178F2 = {
						CreatedOnToolsVersion = 8.3.2;
						DevelopmentTeam = GRB82L9A3D;
						ProvisioningStyle = Automatic;
						TestTargetID = F92214D61ED6CCA0001178F2;
					};
				};
			};
			buildConfigurationList = F92214D21ED6CCA0001178F2 /* Build configuration list for PBXProject "mnemosyne" */;
			compatibilityVersion = "Xcode 3.2";
			developmentRegion = English;
			hasScannedForEncodings = 0;
			knownRegions = (
				en,
				Base,
				"zh-Hans",
			);
			mainGroup = F92214CE1ED6CCA0001178F2;
			productRefGroup = F92214D81ED6CCA0001178F2 /* Products */;
			projectDirPath = "";
			projectRoot = "";
			targets = (
				F92214D61ED6CCA0001178F2 /* mnemosyne */,
				F92214EA1ED6CCA0001178F2 /* mnemosyneTests */,
				F92214F51ED6CCA0001178F2 /* mnemosyneUITests */,
			);
		};
/* End PBXProject section */

/* Begin PBXResourcesBuildPhase section */
		F92214D51ED6CCA0001178F2 /* Resources */ = {
			isa = PBXResourcesBuildPhase;
			buildActionMask = 2147483647;
			files = (
				F946BE3D1EE9906000A096D3 /* Localizable.strings in Resources */,
				F92214E51ED6CCA0001178F2 /* LaunchScreen.storyboard in Resources */,
				F946BE371EE9387300A096D3 /* InfoPlist.strings in Resources */,
				F9885EA81EEA81D60078DAF2 /* testImage.jpg in Resources */,
				F92214E21ED6CCA0001178F2 /* Assets.xcassets in Resources */,
				F92214E01ED6CCA0001178F2 /* Main.storyboard in Resources */,
			);
			runOnlyForDeploymentPostprocessing = 0;
		};
		F92214E91ED6CCA0001178F2 /* Resources */ = {
			isa = PBXResourcesBuildPhase;
			buildActionMask = 2147483647;
			files = (
			);
			runOnlyForDeploymentPostprocessing = 0;
		};
		F92214F41ED6CCA0001178F2 /* Resources */ = {
			isa = PBXResourcesBuildPhase;
			buildActionMask = 2147483647;
			files = (
			);
			runOnlyForDeploymentPostprocessing = 0;
		};
/* End PBXResourcesBuildPhase section */

/* Begin PBXShellScriptBuildPhase section */
		5118475F8750DBB5D806460F /* [CP] Copy Pods Resources */ = {
			isa = PBXShellScriptBuildPhase;
			buildActionMask = 2147483647;
			files = (
			);
			inputPaths = (
			);
			name = "[CP] Copy Pods Resources";
			outputPaths = (
			);
			runOnlyForDeploymentPostprocessing = 0;
			shellPath = /bin/sh;
			shellScript = "\"${SRCROOT}/Pods/Target Support Files/Pods-mnemosyneUITests/Pods-mnemosyneUITests-resources.sh\"\n";
			showEnvVarsInLog = 0;
		};
		6D8787AD007C7F2DEC8410BD /* [CP] Embed Pods Frameworks */ = {
			isa = PBXShellScriptBuildPhase;
			buildActionMask = 2147483647;
			files = (
			);
			inputPaths = (
			);
			name = "[CP] Embed Pods Frameworks";
			outputPaths = (
			);
			runOnlyForDeploymentPostprocessing = 0;
			shellPath = /bin/sh;
			shellScript = "\"${SRCROOT}/Pods/Target Support Files/Pods-mnemosyne/Pods-mnemosyne-frameworks.sh\"\n";
			showEnvVarsInLog = 0;
		};
		79B2E8E3F374877585EA20C0 /* [CP] Embed Pods Frameworks */ = {
			isa = PBXShellScriptBuildPhase;
			buildActionMask = 2147483647;
			files = (
			);
			inputPaths = (
			);
			name = "[CP] Embed Pods Frameworks";
			outputPaths = (
			);
			runOnlyForDeploymentPostprocessing = 0;
			shellPath = /bin/sh;
			shellScript = "\"${SRCROOT}/Pods/Target Support Files/Pods-mnemosyneTests/Pods-mnemosyneTests-frameworks.sh\"\n";
			showEnvVarsInLog = 0;
		};
		843122CE3A82660C08736485 /* [CP] Copy Pods Resources */ = {
			isa = PBXShellScriptBuildPhase;
			buildActionMask = 2147483647;
			files = (
			);
			inputPaths = (
			);
			name = "[CP] Copy Pods Resources";
			outputPaths = (
			);
			runOnlyForDeploymentPostprocessing = 0;
			shellPath = /bin/sh;
			shellScript = "\"${SRCROOT}/Pods/Target Support Files/Pods-mnemosyne/Pods-mnemosyne-resources.sh\"\n";
			showEnvVarsInLog = 0;
		};
		8D7C1A56A4A6030D0A959702 /* [CP] Check Pods Manifest.lock */ = {
			isa = PBXShellScriptBuildPhase;
			buildActionMask = 2147483647;
			files = (
			);
			inputPaths = (
			);
			name = "[CP] Check Pods Manifest.lock";
			outputPaths = (
			);
			runOnlyForDeploymentPostprocessing = 0;
			shellPath = /bin/sh;
			shellScript = "diff \"${PODS_ROOT}/../Podfile.lock\" \"${PODS_ROOT}/Manifest.lock\" > /dev/null\nif [ $? != 0 ] ; then\n    # print error to STDERR\n    echo \"error: The sandbox is not in sync with the Podfile.lock. Run 'pod install' or update your CocoaPods installation.\" >&2\n    exit 1\nfi\n";
			showEnvVarsInLog = 0;
		};
		AAE947122B939613FCC711D1 /* [CP] Check Pods Manifest.lock */ = {
			isa = PBXShellScriptBuildPhase;
			buildActionMask = 2147483647;
			files = (
			);
			inputPaths = (
			);
			name = "[CP] Check Pods Manifest.lock";
			outputPaths = (
			);
			runOnlyForDeploymentPostprocessing = 0;
			shellPath = /bin/sh;
			shellScript = "diff \"${PODS_ROOT}/../Podfile.lock\" \"${PODS_ROOT}/Manifest.lock\" > /dev/null\nif [ $? != 0 ] ; then\n    # print error to STDERR\n    echo \"error: The sandbox is not in sync with the Podfile.lock. Run 'pod install' or update your CocoaPods installation.\" >&2\n    exit 1\nfi\n";
			showEnvVarsInLog = 0;
		};
		B81D859ECD8D2E0DE8178C80 /* [CP] Copy Pods Resources */ = {
			isa = PBXShellScriptBuildPhase;
			buildActionMask = 2147483647;
			files = (
			);
			inputPaths = (
			);
			name = "[CP] Copy Pods Resources";
			outputPaths = (
			);
			runOnlyForDeploymentPostprocessing = 0;
			shellPath = /bin/sh;
			shellScript = "\"${SRCROOT}/Pods/Target Support Files/Pods-mnemosyneTests/Pods-mnemosyneTests-resources.sh\"\n";
			showEnvVarsInLog = 0;
		};
		D833489A068E5BDD4931BFF7 /* [CP] Check Pods Manifest.lock */ = {
			isa = PBXShellScriptBuildPhase;
			buildActionMask = 2147483647;
			files = (
			);
			inputPaths = (
			);
			name = "[CP] Check Pods Manifest.lock";
			outputPaths = (
			);
			runOnlyForDeploymentPostprocessing = 0;
			shellPath = /bin/sh;
			shellScript = "diff \"${PODS_ROOT}/../Podfile.lock\" \"${PODS_ROOT}/Manifest.lock\" > /dev/null\nif [ $? != 0 ] ; then\n    # print error to STDERR\n    echo \"error: The sandbox is not in sync with the Podfile.lock. Run 'pod install' or update your CocoaPods installation.\" >&2\n    exit 1\nfi\n";
			showEnvVarsInLog = 0;
		};
		DF1A906D3757EE5DFFF359B4 /* [CP] Embed Pods Frameworks */ = {
			isa = PBXShellScriptBuildPhase;
			buildActionMask = 2147483647;
			files = (
			);
			inputPaths = (
			);
			name = "[CP] Embed Pods Frameworks";
			outputPaths = (
			);
			runOnlyForDeploymentPostprocessing = 0;
			shellPath = /bin/sh;
			shellScript = "\"${SRCROOT}/Pods/Target Support Files/Pods-mnemosyneUITests/Pods-mnemosyneUITests-frameworks.sh\"\n";
			showEnvVarsInLog = 0;
		};
/* End PBXShellScriptBuildPhase section */

/* Begin PBXSourcesBuildPhase section */
		F92214D31ED6CCA0001178F2 /* Sources */ = {
			isa = PBXSourcesBuildPhase;
			buildActionMask = 2147483647;
			files = (
				F92214DD1ED6CCA0001178F2 /* ViewController.swift in Sources */,
				F9BB3B141EE7FB3900770A01 /* ClipViewController.swift in Sources */,
				F9B4A8411EEA5DFD0033783A /* AssetPreviewCell.swift in Sources */,
				F946BE321EE92DDA00A096D3 /* BaseViewController.swift in Sources */,
				F9C45C4F1EEA3E3E00EFA6B3 /* Listable.swift in Sources */,
				F931E8C81EEE43740054ADD7 /* ClipRecordViewController.swift in Sources */,
				F9BB3B1C1EE7FCD400770A01 /* Tabbarable.swift in Sources */,
				F9BB3B1A1EE7FB6400770A01 /* SettingViewController.swift in Sources */,
				F9BB3B181EE7FB5D00770A01 /* PicViewController.swift in Sources */,
				F9885EB01EEAA20A0078DAF2 /* SoundCollectionViewCell.swift in Sources */,
				F92214DB1ED6CCA0001178F2 /* AppDelegate.swift in Sources */,
				F9885EAE1EEAA1EB0078DAF2 /* ClipCollectionViewCell.swift in Sources */,
				F9885EAA1EEA84980078DAF2 /* MnemosyneViewable.swift in Sources */,
				F9BB3B161EE7FB5300770A01 /* SoundViewController.swift in Sources */,
				F9885EB21EEAA21C0078DAF2 /* PicCollectionViewCell.swift in Sources */,
				F94423871EE0073500155A18 /* Modelable.swift in Sources */,
				F9C45C541EEA407E00EFA6B3 /* UIContants.swift in Sources */,
				F9885EAC1EEA8DD50078DAF2 /* AssetViewController.swift in Sources */,
			);
			runOnlyForDeploymentPostprocessing = 0;
		};
		F92214E71ED6CCA0001178F2 /* Sources */ = {
			isa = PBXSourcesBuildPhase;
			buildActionMask = 2147483647;
			files = (
				F92214F01ED6CCA0001178F2 /* mnemosyneTests.swift in Sources */,
			);
			runOnlyForDeploymentPostprocessing = 0;
		};
		F92214F21ED6CCA0001178F2 /* Sources */ = {
			isa = PBXSourcesBuildPhase;
			buildActionMask = 2147483647;
			files = (
				F92214FB1ED6CCA0001178F2 /* mnemosyneUITests.swift in Sources */,
			);
			runOnlyForDeploymentPostprocessing = 0;
		};
/* End PBXSourcesBuildPhase section */

/* Begin PBXTargetDependency section */
		F92214ED1ED6CCA0001178F2 /* PBXTargetDependency */ = {
			isa = PBXTargetDependency;
			target = F92214D61ED6CCA0001178F2 /* mnemosyne */;
			targetProxy = F92214EC1ED6CCA0001178F2 /* PBXContainerItemProxy */;
		};
		F92214F81ED6CCA0001178F2 /* PBXTargetDependency */ = {
			isa = PBXTargetDependency;
			target = F92214D61ED6CCA0001178F2 /* mnemosyne */;
			targetProxy = F92214F71ED6CCA0001178F2 /* PBXContainerItemProxy */;
		};
/* End PBXTargetDependency section */

/* Begin PBXVariantGroup section */
		F92214DE1ED6CCA0001178F2 /* Main.storyboard */ = {
			isa = PBXVariantGroup;
			children = (
				F92214DF1ED6CCA0001178F2 /* Base */,
				F946BE331EE9334200A096D3 /* zh-Hans */,
			);
			name = Main.storyboard;
			sourceTree = "<group>";
		};
		F92214E31ED6CCA0001178F2 /* LaunchScreen.storyboard */ = {
			isa = PBXVariantGroup;
			children = (
				F92214E41ED6CCA0001178F2 /* Base */,
				F946BE341EE9334200A096D3 /* zh-Hans */,
			);
			name = LaunchScreen.storyboard;
			sourceTree = "<group>";
		};
		F946BE391EE9387300A096D3 /* InfoPlist.strings */ = {
			isa = PBXVariantGroup;
			children = (
				F946BE381EE9387300A096D3 /* en */,
				F946BE3A1EE9387B00A096D3 /* zh-Hans */,
			);
			name = InfoPlist.strings;
			sourceTree = "<group>";
		};
		F946BE3F1EE9906000A096D3 /* Localizable.strings */ = {
			isa = PBXVariantGroup;
			children = (
				F946BE3E1EE9906000A096D3 /* en */,
				F946BE401EE9906200A096D3 /* zh-Hans */,
			);
			name = Localizable.strings;
			sourceTree = "<group>";
		};
/* End PBXVariantGroup section */

/* Begin XCBuildConfiguration section */
		F92214FD1ED6CCA0001178F2 /* Debug */ = {
			isa = XCBuildConfiguration;
			buildSettings = {
				ALWAYS_SEARCH_USER_PATHS = NO;
				CLANG_ANALYZER_LOCALIZABILITY_NONLOCALIZED = YES;
				CLANG_ANALYZER_NONNULL = YES;
				CLANG_ANALYZER_NUMBER_OBJECT_CONVERSION = YES_AGGRESSIVE;
				CLANG_CXX_LANGUAGE_STANDARD = "gnu++0x";
				CLANG_CXX_LIBRARY = "libc++";
				CLANG_ENABLE_MODULES = YES;
				CLANG_ENABLE_OBJC_ARC = YES;
				CLANG_WARN_BOOL_CONVERSION = YES;
				CLANG_WARN_CONSTANT_CONVERSION = YES;
				CLANG_WARN_DIRECT_OBJC_ISA_USAGE = YES_ERROR;
				CLANG_WARN_DOCUMENTATION_COMMENTS = YES;
				CLANG_WARN_EMPTY_BODY = YES;
				CLANG_WARN_ENUM_CONVERSION = YES;
				CLANG_WARN_INFINITE_RECURSION = YES;
				CLANG_WARN_INT_CONVERSION = YES;
				CLANG_WARN_OBJC_ROOT_CLASS = YES_ERROR;
				CLANG_WARN_SUSPICIOUS_MOVE = YES;
				CLANG_WARN_UNREACHABLE_CODE = YES;
				CLANG_WARN__DUPLICATE_METHOD_MATCH = YES;
				"CODE_SIGN_IDENTITY[sdk=iphoneos*]" = "iPhone Developer";
				COPY_PHASE_STRIP = NO;
				DEBUG_INFORMATION_FORMAT = dwarf;
				ENABLE_STRICT_OBJC_MSGSEND = YES;
				ENABLE_TESTABILITY = YES;
				GCC_C_LANGUAGE_STANDARD = gnu99;
				GCC_DYNAMIC_NO_PIC = NO;
				GCC_NO_COMMON_BLOCKS = YES;
				GCC_OPTIMIZATION_LEVEL = 0;
				GCC_PREPROCESSOR_DEFINITIONS = (
					"DEBUG=1",
					"$(inherited)",
				);
				GCC_WARN_64_TO_32_BIT_CONVERSION = YES;
				GCC_WARN_ABOUT_RETURN_TYPE = YES_ERROR;
				GCC_WARN_UNDECLARED_SELECTOR = YES;
				GCC_WARN_UNINITIALIZED_AUTOS = YES_AGGRESSIVE;
				GCC_WARN_UNUSED_FUNCTION = YES;
				GCC_WARN_UNUSED_VARIABLE = YES;
				IPHONEOS_DEPLOYMENT_TARGET = 10.3;
				MTL_ENABLE_DEBUG_INFO = YES;
				ONLY_ACTIVE_ARCH = YES;
				SDKROOT = iphoneos;
				SWIFT_ACTIVE_COMPILATION_CONDITIONS = DEBUG;
				SWIFT_OPTIMIZATION_LEVEL = "-Onone";
				SWIFT_VERSION = 3.0;
				TARGETED_DEVICE_FAMILY = "1,2";
			};
			name = Debug;
		};
		F92214FE1ED6CCA0001178F2 /* Release */ = {
			isa = XCBuildConfiguration;
			buildSettings = {
				ALWAYS_SEARCH_USER_PATHS = NO;
				CLANG_ANALYZER_LOCALIZABILITY_NONLOCALIZED = YES;
				CLANG_ANALYZER_NONNULL = YES;
				CLANG_ANALYZER_NUMBER_OBJECT_CONVERSION = YES_AGGRESSIVE;
				CLANG_CXX_LANGUAGE_STANDARD = "gnu++0x";
				CLANG_CXX_LIBRARY = "libc++";
				CLANG_ENABLE_MODULES = YES;
				CLANG_ENABLE_OBJC_ARC = YES;
				CLANG_WARN_BOOL_CONVERSION = YES;
				CLANG_WARN_CONSTANT_CONVERSION = YES;
				CLANG_WARN_DIRECT_OBJC_ISA_USAGE = YES_ERROR;
				CLANG_WARN_DOCUMENTATION_COMMENTS = YES;
				CLANG_WARN_EMPTY_BODY = YES;
				CLANG_WARN_ENUM_CONVERSION = YES;
				CLANG_WARN_INFINITE_RECURSION = YES;
				CLANG_WARN_INT_CONVERSION = YES;
				CLANG_WARN_OBJC_ROOT_CLASS = YES_ERROR;
				CLANG_WARN_SUSPICIOUS_MOVE = YES;
				CLANG_WARN_UNREACHABLE_CODE = YES;
				CLANG_WARN__DUPLICATE_METHOD_MATCH = YES;
				"CODE_SIGN_IDENTITY[sdk=iphoneos*]" = "iPhone Developer";
				COPY_PHASE_STRIP = NO;
				DEBUG_INFORMATION_FORMAT = "dwarf-with-dsym";
				ENABLE_NS_ASSERTIONS = NO;
				ENABLE_STRICT_OBJC_MSGSEND = YES;
				GCC_C_LANGUAGE_STANDARD = gnu99;
				GCC_NO_COMMON_BLOCKS = YES;
				GCC_WARN_64_TO_32_BIT_CONVERSION = YES;
				GCC_WARN_ABOUT_RETURN_TYPE = YES_ERROR;
				GCC_WARN_UNDECLARED_SELECTOR = YES;
				GCC_WARN_UNINITIALIZED_AUTOS = YES_AGGRESSIVE;
				GCC_WARN_UNUSED_FUNCTION = YES;
				GCC_WARN_UNUSED_VARIABLE = YES;
				IPHONEOS_DEPLOYMENT_TARGET = 10.3;
				MTL_ENABLE_DEBUG_INFO = NO;
				SDKROOT = iphoneos;
				SWIFT_OPTIMIZATION_LEVEL = "-Owholemodule";
				SWIFT_VERSION = 3.0;
				TARGETED_DEVICE_FAMILY = "1,2";
				VALIDATE_PRODUCT = YES;
			};
			name = Release;
		};
		F92215001ED6CCA0001178F2 /* Debug */ = {
			isa = XCBuildConfiguration;
			baseConfigurationReference = 8B8D9F80646B1D254912A6A6 /* Pods-mnemosyne.debug.xcconfig */;
			buildSettings = {
				ASSETCATALOG_COMPILER_APPICON_NAME = AppIcon;
				DEVELOPMENT_TEAM = GRB82L9A3D;
				FRAMEWORK_SEARCH_PATHS = (
					"$(inherited)",
					"$(PROJECT_DIR)/MyFrameworks",
				);
				INFOPLIST_FILE = mnemosyne/Info.plist;
				LD_RUNPATH_SEARCH_PATHS = "$(inherited) @executable_path/Frameworks";
				PRODUCT_BUNDLE_IDENTIFIER = com.wenyongyang.mnemosyne;
				PRODUCT_NAME = "$(TARGET_NAME)";
				SWIFT_VERSION = 3.0;
			};
			name = Debug;
		};
		F92215011ED6CCA0001178F2 /* Release */ = {
			isa = XCBuildConfiguration;
			baseConfigurationReference = 4397F7A0BCEE15E23991BFB6 /* Pods-mnemosyne.release.xcconfig */;
			buildSettings = {
				ASSETCATALOG_COMPILER_APPICON_NAME = AppIcon;
				DEVELOPMENT_TEAM = GRB82L9A3D;
				FRAMEWORK_SEARCH_PATHS = (
					"$(inherited)",
					"$(PROJECT_DIR)/MyFrameworks",
				);
				INFOPLIST_FILE = mnemosyne/Info.plist;
				LD_RUNPATH_SEARCH_PATHS = "$(inherited) @executable_path/Frameworks";
				PRODUCT_BUNDLE_IDENTIFIER = com.wenyongyang.mnemosyne;
				PRODUCT_NAME = "$(TARGET_NAME)";
				SWIFT_VERSION = 3.0;
			};
			name = Release;
		};
		F92215031ED6CCA0001178F2 /* Debug */ = {
			isa = XCBuildConfiguration;
			baseConfigurationReference = 7F7C247382536E7543E2E435 /* Pods-mnemosyneTests.debug.xcconfig */;
			buildSettings = {
				ALWAYS_EMBED_SWIFT_STANDARD_LIBRARIES = YES;
				BUNDLE_LOADER = "$(TEST_HOST)";
				DEVELOPMENT_TEAM = GRB82L9A3D;
				INFOPLIST_FILE = mnemosyneTests/Info.plist;
				LD_RUNPATH_SEARCH_PATHS = "$(inherited) @executable_path/Frameworks @loader_path/Frameworks";
				PRODUCT_BUNDLE_IDENTIFIER = com.wenyongyang.mnemosyneTests;
				PRODUCT_NAME = "$(TARGET_NAME)";
				SWIFT_VERSION = 3.0;
				TEST_HOST = "$(BUILT_PRODUCTS_DIR)/mnemosyne.app/mnemosyne";
			};
			name = Debug;
		};
		F92215041ED6CCA0001178F2 /* Release */ = {
			isa = XCBuildConfiguration;
			baseConfigurationReference = 09BA4D6E313EF144128783B9 /* Pods-mnemosyneTests.release.xcconfig */;
			buildSettings = {
				ALWAYS_EMBED_SWIFT_STANDARD_LIBRARIES = YES;
				BUNDLE_LOADER = "$(TEST_HOST)";
				DEVELOPMENT_TEAM = GRB82L9A3D;
				INFOPLIST_FILE = mnemosyneTests/Info.plist;
				LD_RUNPATH_SEARCH_PATHS = "$(inherited) @executable_path/Frameworks @loader_path/Frameworks";
				PRODUCT_BUNDLE_IDENTIFIER = com.wenyongyang.mnemosyneTests;
				PRODUCT_NAME = "$(TARGET_NAME)";
				SWIFT_VERSION = 3.0;
				TEST_HOST = "$(BUILT_PRODUCTS_DIR)/mnemosyne.app/mnemosyne";
			};
			name = Release;
		};
		F92215061ED6CCA0001178F2 /* Debug */ = {
			isa = XCBuildConfiguration;
			baseConfigurationReference = BD8696DD06466022C6DC3699 /* Pods-mnemosyneUITests.debug.xcconfig */;
			buildSettings = {
				ALWAYS_EMBED_SWIFT_STANDARD_LIBRARIES = YES;
				DEVELOPMENT_TEAM = GRB82L9A3D;
				INFOPLIST_FILE = mnemosyneUITests/Info.plist;
				LD_RUNPATH_SEARCH_PATHS = "$(inherited) @executable_path/Frameworks @loader_path/Frameworks";
				PRODUCT_BUNDLE_IDENTIFIER = com.wenyongyang.mnemosyneUITests;
				PRODUCT_NAME = "$(TARGET_NAME)";
				SWIFT_VERSION = 3.0;
				TEST_TARGET_NAME = mnemosyne;
			};
			name = Debug;
		};
		F92215071ED6CCA0001178F2 /* Release */ = {
			isa = XCBuildConfiguration;
			baseConfigurationReference = B551611A2A0E3CBCE8F02BBC /* Pods-mnemosyneUITests.release.xcconfig */;
			buildSettings = {
				ALWAYS_EMBED_SWIFT_STANDARD_LIBRARIES = YES;
				DEVELOPMENT_TEAM = GRB82L9A3D;
				INFOPLIST_FILE = mnemosyneUITests/Info.plist;
				LD_RUNPATH_SEARCH_PATHS = "$(inherited) @executable_path/Frameworks @loader_path/Frameworks";
				PRODUCT_BUNDLE_IDENTIFIER = com.wenyongyang.mnemosyneUITests;
				PRODUCT_NAME = "$(TARGET_NAME)";
				SWIFT_VERSION = 3.0;
				TEST_TARGET_NAME = mnemosyne;
			};
			name = Release;
		};
/* End XCBuildConfiguration section */

/* Begin XCConfigurationList section */
		F92214D21ED6CCA0001178F2 /* Build configuration list for PBXProject "mnemosyne" */ = {
			isa = XCConfigurationList;
			buildConfigurations = (
				F92214FD1ED6CCA0001178F2 /* Debug */,
				F92214FE1ED6CCA0001178F2 /* Release */,
			);
			defaultConfigurationIsVisible = 0;
			defaultConfigurationName = Release;
		};
		F92214FF1ED6CCA0001178F2 /* Build configuration list for PBXNativeTarget "mnemosyne" */ = {
			isa = XCConfigurationList;
			buildConfigurations = (
				F92215001ED6CCA0001178F2 /* Debug */,
				F92215011ED6CCA0001178F2 /* Release */,
			);
			defaultConfigurationIsVisible = 0;
			defaultConfigurationName = Release;
		};
		F92215021ED6CCA0001178F2 /* Build configuration list for PBXNativeTarget "mnemosyneTests" */ = {
			isa = XCConfigurationList;
			buildConfigurations = (
				F92215031ED6CCA0001178F2 /* Debug */,
				F92215041ED6CCA0001178F2 /* Release */,
			);
			defaultConfigurationIsVisible = 0;
			defaultConfigurationName = Release;
		};
		F92215051ED6CCA0001178F2 /* Build configuration list for PBXNativeTarget "mnemosyneUITests" */ = {
			isa = XCConfigurationList;
			buildConfigurations = (
				F92215061ED6CCA0001178F2 /* Debug */,
				F92215071ED6CCA0001178F2 /* Release */,
			);
			defaultConfigurationIsVisible = 0;
			defaultConfigurationName = Release;
		};
/* End XCConfigurationList section */
	};
	rootObject = F92214CF1ED6CCA0001178F2 /* Project object */;
}
